// !$*UTF8*$!
{
	archiveVersion = 1;
	classes = {
	};
	objectVersion = 55;
	objects = {

/* Begin PBXBuildFile section */
		F3139E71282EA8A4008E4CDC /* SplashScreenController.swift in Sources */ = {isa = PBXBuildFile; fileRef = F3139E70282EA8A4008E4CDC /* SplashScreenController.swift */; };
		F3139E73282EACCD008E4CDC /* HomeController.swift in Sources */ = {isa = PBXBuildFile; fileRef = F3139E72282EACCD008E4CDC /* HomeController.swift */; };
		F3A210582836206300AFB8D1 /* SearchObjectController.swift in Sources */ = {isa = PBXBuildFile; fileRef = F3A210572836206300AFB8D1 /* SearchObjectController.swift */; };
		F3A2105B283621F000AFB8D1 /* Results.swift in Sources */ = {isa = PBXBuildFile; fileRef = F3A2105A283621F000AFB8D1 /* Results.swift */; };
		F3BE94E4282FD058002BEF43 /* MedicationScheduleController.swift in Sources */ = {isa = PBXBuildFile; fileRef = F3BE94E3282FD058002BEF43 /* MedicationScheduleController.swift */; };
		F3BE94E6282FD529002BEF43 /* NewMedController.swift in Sources */ = {isa = PBXBuildFile; fileRef = F3BE94E5282FD529002BEF43 /* NewMedController.swift */; };
		F3BE94E8282FD69F002BEF43 /* ConfirmationController.swift in Sources */ = {isa = PBXBuildFile; fileRef = F3BE94E7282FD69F002BEF43 /* ConfirmationController.swift */; };
		F3BE94EA282FD847002BEF43 /* SetupController.swift in Sources */ = {isa = PBXBuildFile; fileRef = F3BE94E9282FD847002BEF43 /* SetupController.swift */; };
		F3D33AB6282EA77D00F2A3F0 /* AppDelegate.swift in Sources */ = {isa = PBXBuildFile; fileRef = F3D33AB5282EA77D00F2A3F0 /* AppDelegate.swift */; };
		F3D33AB8282EA77D00F2A3F0 /* SceneDelegate.swift in Sources */ = {isa = PBXBuildFile; fileRef = F3D33AB7282EA77D00F2A3F0 /* SceneDelegate.swift */; };
		F3D33ABA282EA77D00F2A3F0 /* editScheduleViewController.swift in Sources */ = {isa = PBXBuildFile; fileRef = F3D33AB9282EA77D00F2A3F0 /* editScheduleViewController.swift */; };
		F3D33ABD282EA77D00F2A3F0 /* Main.storyboard in Resources */ = {isa = PBXBuildFile; fileRef = F3D33ABB282EA77D00F2A3F0 /* Main.storyboard */; };
		F3D33AC0282EA77D00F2A3F0 /* PillPopr.xcdatamodeld in Sources */ = {isa = PBXBuildFile; fileRef = F3D33ABE282EA77D00F2A3F0 /* PillPopr.xcdatamodeld */; };
		F3D33AC2282EA77E00F2A3F0 /* Assets.xcassets in Resources */ = {isa = PBXBuildFile; fileRef = F3D33AC1282EA77E00F2A3F0 /* Assets.xcassets */; };
		F3D33AC5282EA77E00F2A3F0 /* LaunchScreen.storyboard in Resources */ = {isa = PBXBuildFile; fileRef = F3D33AC3282EA77E00F2A3F0 /* LaunchScreen.storyboard */; };
/* End PBXBuildFile section */

/* Begin PBXFileReference section */
		F3139E70282EA8A4008E4CDC /* SplashScreenController.swift */ = {isa = PBXFileReference; lastKnownFileType = sourcecode.swift; path = SplashScreenController.swift; sourceTree = "<group>"; };
		F3139E72282EACCD008E4CDC /* HomeController.swift */ = {isa = PBXFileReference; lastKnownFileType = sourcecode.swift; path = HomeController.swift; sourceTree = "<group>"; };
		F3A210572836206300AFB8D1 /* SearchObjectController.swift */ = {isa = PBXFileReference; lastKnownFileType = sourcecode.swift; path = SearchObjectController.swift; sourceTree = "<group>"; };
		F3A2105A283621F000AFB8D1 /* Results.swift */ = {isa = PBXFileReference; lastKnownFileType = sourcecode.swift; path = Results.swift; sourceTree = "<group>"; };
		F3BE94E3282FD058002BEF43 /* MedicationScheduleController.swift */ = {isa = PBXFileReference; lastKnownFileType = sourcecode.swift; path = MedicationScheduleController.swift; sourceTree = "<group>"; };
		F3BE94E5282FD529002BEF43 /* NewMedController.swift */ = {isa = PBXFileReference; lastKnownFileType = sourcecode.swift; path = NewMedController.swift; sourceTree = "<group>"; };
		F3BE94E7282FD69F002BEF43 /* ConfirmationController.swift */ = {isa = PBXFileReference; lastKnownFileType = sourcecode.swift; path = ConfirmationController.swift; sourceTree = "<group>"; };
		F3BE94E9282FD847002BEF43 /* SetupController.swift */ = {isa = PBXFileReference; lastKnownFileType = sourcecode.swift; path = SetupController.swift; sourceTree = "<group>"; };
		F3D33AB2282EA77D00F2A3F0 /* PillPopr.app */ = {isa = PBXFileReference; explicitFileType = wrapper.application; includeInIndex = 0; path = PillPopr.app; sourceTree = BUILT_PRODUCTS_DIR; };
		F3D33AB5282EA77D00F2A3F0 /* AppDelegate.swift */ = {isa = PBXFileReference; lastKnownFileType = sourcecode.swift; path = AppDelegate.swift; sourceTree = "<group>"; };
		F3D33AB7282EA77D00F2A3F0 /* SceneDelegate.swift */ = {isa = PBXFileReference; lastKnownFileType = sourcecode.swift; path = SceneDelegate.swift; sourceTree = "<group>"; };
		F3D33AB9282EA77D00F2A3F0 /* editScheduleViewController.swift */ = {isa = PBXFileReference; lastKnownFileType = sourcecode.swift; path = editScheduleViewController.swift; sourceTree = "<group>"; };
		F3D33ABC282EA77D00F2A3F0 /* Base */ = {isa = PBXFileReference; lastKnownFileType = file.storyboard; name = Base; path = Base.lproj/Main.storyboard; sourceTree = "<group>"; };
		F3D33ABF282EA77D00F2A3F0 /* PillPopr.xcdatamodel */ = {isa = PBXFileReference; lastKnownFileType = wrapper.xcdatamodel; path = PillPopr.xcdatamodel; sourceTree = "<group>"; };
		F3D33AC1282EA77E00F2A3F0 /* Assets.xcassets */ = {isa = PBXFileReference; lastKnownFileType = folder.assetcatalog; path = Assets.xcassets; sourceTree = "<group>"; };
		F3D33AC4282EA77E00F2A3F0 /* Base */ = {isa = PBXFileReference; lastKnownFileType = file.storyboard; name = Base; path = Base.lproj/LaunchScreen.storyboard; sourceTree = "<group>"; };
		F3D33AC6282EA77E00F2A3F0 /* Info.plist */ = {isa = PBXFileReference; lastKnownFileType = text.plist.xml; path = Info.plist; sourceTree = "<group>"; };
/* End PBXFileReference section */

/* Begin PBXFrameworksBuildPhase section */
		F3D33AAF282EA77D00F2A3F0 /* Frameworks */ = {
			isa = PBXFrameworksBuildPhase;
			buildActionMask = 2147483647;
			files = (
			);
			runOnlyForDeploymentPostprocessing = 0;
		};
/* End PBXFrameworksBuildPhase section */

/* Begin PBXGroup section */
		F3139E6F282EA881008E4CDC /* Controllers */ = {
			isa = PBXGroup;
			children = (
				F3BE94E3282FD058002BEF43 /* MedicationScheduleController.swift */,
				F3D33AB9282EA77D00F2A3F0 /* editScheduleViewController.swift */,
				F3139E70282EA8A4008E4CDC /* SplashScreenController.swift */,
				F3BE94E5282FD529002BEF43 /* NewMedController.swift */,
				F3BE94E7282FD69F002BEF43 /* ConfirmationController.swift */,
				F3139E72282EACCD008E4CDC /* HomeController.swift */,
				F3BE94E9282FD847002BEF43 /* SetupController.swift */,
			);
			path = Controllers;
			sourceTree = "<group>";
		};
		F3A210592836215600AFB8D1 /* API */ = {
			isa = PBXGroup;
			children = (
				F3A210572836206300AFB8D1 /* SearchObjectController.swift */,
				F3A2105A283621F000AFB8D1 /* Results.swift */,
			);
			path = API;
			sourceTree = "<group>";
		};
		F3D33AA9282EA77D00F2A3F0 = {
			isa = PBXGroup;
			children = (
				F3D33AB4282EA77D00F2A3F0 /* PillPopr */,
				F3D33AB3282EA77D00F2A3F0 /* Products */,
			);
			sourceTree = "<group>";
		};
		F3D33AB3282EA77D00F2A3F0 /* Products */ = {
			isa = PBXGroup;
			children = (
				F3D33AB2282EA77D00F2A3F0 /* PillPopr.app */,
			);
			name = Products;
			sourceTree = "<group>";
		};
		F3D33AB4282EA77D00F2A3F0 /* PillPopr */ = {
			isa = PBXGroup;
			children = (
				F3D33AB5282EA77D00F2A3F0 /* AppDelegate.swift */,
				F3D33AB7282EA77D00F2A3F0 /* SceneDelegate.swift */,
				F3139E6F282EA881008E4CDC /* Controllers */,
				F3A210592836215600AFB8D1 /* API */,
				F3D33ABB282EA77D00F2A3F0 /* Main.storyboard */,
				F3D33AC1282EA77E00F2A3F0 /* Assets.xcassets */,
				F3D33AC3282EA77E00F2A3F0 /* LaunchScreen.storyboard */,
				F3D33AC6282EA77E00F2A3F0 /* Info.plist */,
				F3D33ABE282EA77D00F2A3F0 /* PillPopr.xcdatamodeld */,
			);
			path = PillPopr;
			sourceTree = "<group>";
		};
/* End PBXGroup section */

/* Begin PBXNativeTarget section */
		F3D33AB1282EA77D00F2A3F0 /* PillPopr */ = {
			isa = PBXNativeTarget;
			buildConfigurationList = F3D33AC9282EA77E00F2A3F0 /* Build configuration list for PBXNativeTarget "PillPopr" */;
			buildPhases = (
				F3D33AAE282EA77D00F2A3F0 /* Sources */,
				F3D33AAF282EA77D00F2A3F0 /* Frameworks */,
				F3D33AB0282EA77D00F2A3F0 /* Resources */,
			);
			buildRules = (
			);
			dependencies = (
			);
			name = PillPopr;
			productName = PillPopr;
			productReference = F3D33AB2282EA77D00F2A3F0 /* PillPopr.app */;
			productType = "com.apple.product-type.application";
		};
/* End PBXNativeTarget section */

/* Begin PBXProject section */
		F3D33AAA282EA77D00F2A3F0 /* Project object */ = {
			isa = PBXProject;
			attributes = {
				BuildIndependentTargetsInParallel = 1;
				LastSwiftUpdateCheck = 1330;
				LastUpgradeCheck = 1330;
				TargetAttributes = {
					F3D33AB1282EA77D00F2A3F0 = {
						CreatedOnToolsVersion = 13.3.1;
					};
				};
			};
			buildConfigurationList = F3D33AAD282EA77D00F2A3F0 /* Build configuration list for PBXProject "PillPopr" */;
			compatibilityVersion = "Xcode 13.0";
			developmentRegion = en;
			hasScannedForEncodings = 0;
			knownRegions = (
				en,
				Base,
			);
			mainGroup = F3D33AA9282EA77D00F2A3F0;
			productRefGroup = F3D33AB3282EA77D00F2A3F0 /* Products */;
			projectDirPath = "";
			projectRoot = "";
			targets = (
				F3D33AB1282EA77D00F2A3F0 /* PillPopr */,
			);
		};
/* End PBXProject section */

/* Begin PBXResourcesBuildPhase section */
		F3D33AB0282EA77D00F2A3F0 /* Resources */ = {
			isa = PBXResourcesBuildPhase;
			buildActionMask = 2147483647;
			files = (
				F3D33AC5282EA77E00F2A3F0 /* LaunchScreen.storyboard in Resources */,
				F3D33AC2282EA77E00F2A3F0 /* Assets.xcassets in Resources */,
				F3D33ABD282EA77D00F2A3F0 /* Main.storyboard in Resources */,
			);
			runOnlyForDeploymentPostprocessing = 0;
		};
/* End PBXResourcesBuildPhase section */

/* Begin PBXSourcesBuildPhase section */
		F3D33AAE282EA77D00F2A3F0 /* Sources */ = {
			isa = PBXSourcesBuildPhase;
			buildActionMask = 2147483647;
			files = (
				F3D33ABA282EA77D00F2A3F0 /* editScheduleViewController.swift in Sources */,
				F3D33AB6282EA77D00F2A3F0 /* AppDelegate.swift in Sources */,
				F3139E73282EACCD008E4CDC /* HomeController.swift in Sources */,
				F3BE94EA282FD847002BEF43 /* SetupController.swift in Sources */,
				F3A210582836206300AFB8D1 /* SearchObjectController.swift in Sources */,
				F3D33AB8282EA77D00F2A3F0 /* SceneDelegate.swift in Sources */,
				F3A2105B283621F000AFB8D1 /* Results.swift in Sources */,
				F3D33AC0282EA77D00F2A3F0 /* PillPopr.xcdatamodeld in Sources */,
				F3BE94E6282FD529002BEF43 /* NewMedController.swift in Sources */,
				F3BE94E4282FD058002BEF43 /* MedicationScheduleController.swift in Sources */,
				F3BE94E8282FD69F002BEF43 /* ConfirmationController.swift in Sources */,
				F3139E71282EA8A4008E4CDC /* SplashScreenController.swift in Sources */,
			);
			runOnlyForDeploymentPostprocessing = 0;
		};
/* End PBXSourcesBuildPhase section */

/* Begin PBXVariantGroup section */
		F3D33ABB282EA77D00F2A3F0 /* Main.storyboard */ = {
			isa = PBXVariantGroup;
			children = (
				F3D33ABC282EA77D00F2A3F0 /* Base */,
			);
			name = Main.storyboard;
			sourceTree = "<group>";
		};
		F3D33AC3282EA77E00F2A3F0 /* LaunchScreen.storyboard */ = {
			isa = PBXVariantGroup;
			children = (
				F3D33AC4282EA77E00F2A3F0 /* Base */,
			);
			name = LaunchScreen.storyboard;
			sourceTree = "<group>";
		};
/* End PBXVariantGroup section */

/* Begin XCBuildConfiguration section */
		F3D33AC7282EA77E00F2A3F0 /* Debug */ = {
			isa = XCBuildConfiguration;
			buildSettings = {
				ALWAYS_SEARCH_USER_PATHS = NO;
				CLANG_ANALYZER_NONNULL = YES;
				CLANG_ANALYZER_NUMBER_OBJECT_CONVERSION = YES_AGGRESSIVE;
				CLANG_CXX_LANGUAGE_STANDARD = "gnu++17";
				CLANG_ENABLE_MODULES = YES;
				CLANG_ENABLE_OBJC_ARC = YES;
				CLANG_ENABLE_OBJC_WEAK = YES;
				CLANG_WARN_BLOCK_CAPTURE_AUTORELEASING = YES;
				CLANG_WARN_BOOL_CONVERSION = YES;
				CLANG_WARN_COMMA = YES;
				CLANG_WARN_CONSTANT_CONVERSION = YES;
				CLANG_WARN_DEPRECATED_OBJC_IMPLEMENTATIONS = YES;
				CLANG_WARN_DIRECT_OBJC_ISA_USAGE = YES_ERROR;
				CLANG_WARN_DOCUMENTATION_COMMENTS = YES;
				CLANG_WARN_EMPTY_BODY = YES;
				CLANG_WARN_ENUM_CONVERSION = YES;
				CLANG_WARN_INFINITE_RECURSION = YES;
				CLANG_WARN_INT_CONVERSION = YES;
				CLANG_WARN_NON_LITERAL_NULL_CONVERSION = YES;
				CLANG_WARN_OBJC_IMPLICIT_RETAIN_SELF = YES;
				CLANG_WARN_OBJC_LITERAL_CONVERSION = YES;
				CLANG_WARN_OBJC_ROOT_CLASS = YES_ERROR;
				CLANG_WARN_QUOTED_INCLUDE_IN_FRAMEWORK_HEADER = YES;
				CLANG_WARN_RANGE_LOOP_ANALYSIS = YES;
				CLANG_WARN_STRICT_PROTOTYPES = YES;
				CLANG_WARN_SUSPICIOUS_MOVE = YES;
				CLANG_WARN_UNGUARDED_AVAILABILITY = YES_AGGRESSIVE;
				CLANG_WARN_UNREACHABLE_CODE = YES;
				CLANG_WARN__DUPLICATE_METHOD_MATCH = YES;
				COPY_PHASE_STRIP = NO;
				DEBUG_INFORMATION_FORMAT = dwarf;
				ENABLE_STRICT_OBJC_MSGSEND = YES;
				ENABLE_TESTABILITY = YES;
				GCC_C_LANGUAGE_STANDARD = gnu11;
				GCC_DYNAMIC_NO_PIC = NO;
				GCC_NO_COMMON_BLOCKS = YES;
				GCC_OPTIMIZATION_LEVEL = 0;
				GCC_PREPROCESSOR_DEFINITIONS = (
					"DEBUG=1",
					"$(inherited)",
				);
				GCC_WARN_64_TO_32_BIT_CONVERSION = YES;
				GCC_WARN_ABOUT_RETURN_TYPE = YES_ERROR;
				GCC_WARN_UNDECLARED_SELECTOR = YES;
				GCC_WARN_UNINITIALIZED_AUTOS = YES_AGGRESSIVE;
				GCC_WARN_UNUSED_FUNCTION = YES;
				GCC_WARN_UNUSED_VARIABLE = YES;
				IPHONEOS_DEPLOYMENT_TARGET = 15.4;
				MTL_ENABLE_DEBUG_INFO = INCLUDE_SOURCE;
				MTL_FAST_MATH = YES;
				ONLY_ACTIVE_ARCH = YES;
				SDKROOT = iphoneos;
				SWIFT_ACTIVE_COMPILATION_CONDITIONS = DEBUG;
				SWIFT_OPTIMIZATION_LEVEL = "-Onone";
			};
			name = Debug;
		};
		F3D33AC8282EA77E00F2A3F0 /* Release */ = {
			isa = XCBuildConfiguration;
			buildSettings = {
				ALWAYS_SEARCH_USER_PATHS = NO;
				CLANG_ANALYZER_NONNULL = YES;
				CLANG_ANALYZER_NUMBER_OBJECT_CONVERSION = YES_AGGRESSIVE;
				CLANG_CXX_LANGUAGE_STANDARD = "gnu++17";
				CLANG_ENABLE_MODULES = YES;
				CLANG_ENABLE_OBJC_ARC = YES;
				CLANG_ENABLE_OBJC_WEAK = YES;
				CLANG_WARN_BLOCK_CAPTURE_AUTORELEASING = YES;
				CLANG_WARN_BOOL_CONVERSION = YES;
				CLANG_WARN_COMMA = YES;
				CLANG_WARN_CONSTANT_CONVERSION = YES;
				CLANG_WARN_DEPRECATED_OBJC_IMPLEMENTATIONS = YES;
				CLANG_WARN_DIRECT_OBJC_ISA_USAGE = YES_ERROR;
				CLANG_WARN_DOCUMENTATION_COMMENTS = YES;
				CLANG_WARN_EMPTY_BODY = YES;
				CLANG_WARN_ENUM_CONVERSION = YES;
				CLANG_WARN_INFINITE_RECURSION = YES;
				CLANG_WARN_INT_CONVERSION = YES;
				CLANG_WARN_NON_LITERAL_NULL_CONVERSION = YES;
				CLANG_WARN_OBJC_IMPLICIT_RETAIN_SELF = YES;
				CLANG_WARN_OBJC_LITERAL_CONVERSION = YES;
				CLANG_WARN_OBJC_ROOT_CLASS = YES_ERROR;
				CLANG_WARN_QUOTED_INCLUDE_IN_FRAMEWORK_HEADER = YES;
				CLANG_WARN_RANGE_LOOP_ANALYSIS = YES;
				CLANG_WARN_STRICT_PROTOTYPES = YES;
				CLANG_WARN_SUSPICIOUS_MOVE = YES;
				CLANG_WARN_UNGUARDED_AVAILABILITY = YES_AGGRESSIVE;
				CLANG_WARN_UNREACHABLE_CODE = YES;
				CLANG_WARN__DUPLICATE_METHOD_MATCH = YES;
				COPY_PHASE_STRIP = NO;
				DEBUG_INFORMATION_FORMAT = "dwarf-with-dsym";
				ENABLE_NS_ASSERTIONS = NO;
				ENABLE_STRICT_OBJC_MSGSEND = YES;
				GCC_C_LANGUAGE_STANDARD = gnu11;
				GCC_NO_COMMON_BLOCKS = YES;
				GCC_WARN_64_TO_32_BIT_CONVERSION = YES;
				GCC_WARN_ABOUT_RETURN_TYPE = YES_ERROR;
				GCC_WARN_UNDECLARED_SELECTOR = YES;
				GCC_WARN_UNINITIALIZED_AUTOS = YES_AGGRESSIVE;
				GCC_WARN_UNUSED_FUNCTION = YES;
				GCC_WARN_UNUSED_VARIABLE = YES;
				IPHONEOS_DEPLOYMENT_TARGET = 15.4;
				MTL_ENABLE_DEBUG_INFO = NO;
				MTL_FAST_MATH = YES;
				SDKROOT = iphoneos;
				SWIFT_COMPILATION_MODE = wholemodule;
				SWIFT_OPTIMIZATION_LEVEL = "-O";
				VALIDATE_PRODUCT = YES;
			};
			name = Release;
		};
		F3D33ACA282EA77E00F2A3F0 /* Debug */ = {
			isa = XCBuildConfiguration;
			buildSettings = {
				ASSETCATALOG_COMPILER_APPICON_NAME = AppIcon;
				ASSETCATALOG_COMPILER_GLOBAL_ACCENT_COLOR_NAME = AccentColor;
				CODE_SIGN_STYLE = Automatic;
				CURRENT_PROJECT_VERSION = 1;
				GENERATE_INFOPLIST_FILE = YES;
				INFOPLIST_FILE = PillPopr/Info.plist;
				INFOPLIST_KEY_UIApplicationSupportsIndirectInputEvents = YES;
				INFOPLIST_KEY_UILaunchStoryboardName = LaunchScreen;
				INFOPLIST_KEY_UIMainStoryboardFile = Main;
				INFOPLIST_KEY_UISupportedInterfaceOrientations_iPad = "UIInterfaceOrientationPortrait UIInterfaceOrientationPortraitUpsideDown UIInterfaceOrientationLandscapeLeft UIInterfaceOrientationLandscapeRight";
				INFOPLIST_KEY_UISupportedInterfaceOrientations_iPhone = "UIInterfaceOrientationPortrait UIInterfaceOrientationLandscapeLeft UIInterfaceOrientationLandscapeRight";
				LD_RUNPATH_SEARCH_PATHS = (
					"$(inherited)",
					"@executable_path/Frameworks",
				);
				MARKETING_VERSION = 1.0;
				PRODUCT_BUNDLE_IDENTIFIER = MuffledVQ35Pls.PillPopr;
				PRODUCT_NAME = "$(TARGET_NAME)";
				SWIFT_EMIT_LOC_STRINGS = YES;
				SWIFT_VERSION = 5.0;
				TARGETED_DEVICE_FAMILY = "1,2";
			};
			name = Debug;
		};
		F3D33ACB282EA77E00F2A3F0 /* Release */ = {
			isa = XCBuildConfiguration;
			buildSettings = {
				ASSETCATALOG_COMPILER_APPICON_NAME = AppIcon;
				ASSETCATALOG_COMPILER_GLOBAL_ACCENT_COLOR_NAME = AccentColor;
				CODE_SIGN_STYLE = Automatic;
				CURRENT_PROJECT_VERSION = 1;
				GENERATE_INFOPLIST_FILE = YES;
				INFOPLIST_FILE = PillPopr/Info.plist;
				INFOPLIST_KEY_UIApplicationSupportsIndirectInputEvents = YES;
				INFOPLIST_KEY_UILaunchStoryboardName = LaunchScreen;
				INFOPLIST_KEY_UIMainStoryboardFile = Main;
				INFOPLIST_KEY_UISupportedInterfaceOrientations_iPad = "UIInterfaceOrientationPortrait UIInterfaceOrientationPortraitUpsideDown UIInterfaceOrientationLandscapeLeft UIInterfaceOrientationLandscapeRight";
				INFOPLIST_KEY_UISupportedInterfaceOrientations_iPhone = "UIInterfaceOrientationPortrait UIInterfaceOrientationLandscapeLeft UIInterfaceOrientationLandscapeRight";
				LD_RUNPATH_SEARCH_PATHS = (
					"$(inherited)",
					"@executable_path/Frameworks",
				);
				MARKETING_VERSION = 1.0;
				PRODUCT_BUNDLE_IDENTIFIER = MuffledVQ35Pls.PillPopr;
				PRODUCT_NAME = "$(TARGET_NAME)";
				SWIFT_EMIT_LOC_STRINGS = YES;
				SWIFT_VERSION = 5.0;
				TARGETED_DEVICE_FAMILY = "1,2";
			};
			name = Release;
		};
/* End XCBuildConfiguration section */

/* Begin XCConfigurationList section */
		F3D33AAD282EA77D00F2A3F0 /* Build configuration list for PBXProject "PillPopr" */ = {
			isa = XCConfigurationList;
			buildConfigurations = (
				F3D33AC7282EA77E00F2A3F0 /* Debug */,
				F3D33AC8282EA77E00F2A3F0 /* Release */,
			);
			defaultConfigurationIsVisible = 0;
			defaultConfigurationName = Release;
		};
		F3D33AC9282EA77E00F2A3F0 /* Build configuration list for PBXNativeTarget "PillPopr" */ = {
			isa = XCConfigurationList;
			buildConfigurations = (
				F3D33ACA282EA77E00F2A3F0 /* Debug */,
				F3D33ACB282EA77E00F2A3F0 /* Release */,
			);
			defaultConfigurationIsVisible = 0;
			defaultConfigurationName = Release;
		};
/* End XCConfigurationList section */

/* Begin XCVersionGroup section */
		F3D33ABE282EA77D00F2A3F0 /* PillPopr.xcdatamodeld */ = {
			isa = XCVersionGroup;
			children = (
				F3D33ABF282EA77D00F2A3F0 /* PillPopr.xcdatamodel */,
			);
			currentVersion = F3D33ABF282EA77D00F2A3F0 /* PillPopr.xcdatamodel */;
			path = PillPopr.xcdatamodeld;
			sourceTree = "<group>";
			versionGroupType = wrapper.xcdatamodel;
		};
/* End XCVersionGroup section */
	};
	rootObject = F3D33AAA282EA77D00F2A3F0 /* Project object */;
}
